
Microsoft Visual Studio Solution File, Format Version 12.00
# Visual Studio Version 16
VisualStudioVersion = 16.0.29215.179
MinimumVisualStudioVersion = 10.0.40219.1
Project("{FAE04EC0-301F-11D3-BF4B-00C04F79EFBC}") = "SchoolSystem", "SchoolSystem.csproj", "{DDD1C8E8-BF01-47BD-888F-7E1C44CE1795}"
EndProject
Global
	GlobalSection(SolutionConfigurationPlatforms) = preSolution
		Debug|Any CPU = Debug|Any CPU
		Release|Any CPU = Release|Any CPU
	EndGlobalSection
	GlobalSection(ProjectConfigurationPlatforms) = postSolution
		{DDD1C8E8-BF01-47BD-888F-7E1C44CE1795}.Debug|Any CPU.ActiveCfg = Debug|Any CPU
		{DDD1C8E8-BF01-47BD-888F-7E1C44CE1795}.Debug|Any CPU.Build.0 = Debug|Any CPU
		{DDD1C8E8-BF01-47BD-888F-7E1C44CE1795}.Release|Any CPU.ActiveCfg = Release|Any CPU
		{DDD1C8E8-BF01-47BD-888F-7E1C44CE1795}.Release|Any CPU.Build.0 = Release|Any CPU
	EndGlobalSection
	GlobalSection(SolutionProperties) = preSolution
		HideSolutionNode = FALSE
	EndGlobalSection
	GlobalSection(ExtensibilityGlobals) = postSolution
		SolutionGuid = {0393F667-61B3-4D2A-8E26-FCCFD9B16EF6}
	EndGlobalSection
EndGlobal
